
Microsoft Visual Studio Solution File, Format Version 12.00
# Visual Studio Version 16
VisualStudioVersion = 16.0.30804.86
MinimumVisualStudioVersion = 10.0.40219.1
Project("{FAE04EC0-301F-11D3-BF4B-00C04F79EFBC}") = "EFCoreAPICodeFirst", "EFCoreAPICodeFirst\EFCoreAPICodeFirst.csproj", "{58AE505D-5FCA-4495-980E-3CFE56CAB8EA}"
EndProject
Project("{FAE04EC0-301F-11D3-BF4B-00C04F79EFBC}") = "DAL", "DAL\DAL.csproj", "{9B7A86CD-F031-443A-9D8B-E72B0FA409A1}"
EndProject
Global
	GlobalSection(SolutionConfigurationPlatforms) = preSolution
		Debug|Any CPU = Debug|Any CPU
		Release|Any CPU = Release|Any CPU
	EndGlobalSection
	GlobalSection(ProjectConfigurationPlatforms) = postSolution
		{58AE505D-5FCA-4495-980E-3CFE56CAB8EA}.Debug|Any CPU.ActiveCfg = Debug|Any CPU
		{58AE505D-5FCA-4495-980E-3CFE56CAB8EA}.Debug|Any CPU.Build.0 = Debug|Any CPU
		{58AE505D-5FCA-4495-980E-3CFE56CAB8EA}.Release|Any CPU.ActiveCfg = Release|Any CPU
		{58AE505D-5FCA-4495-980E-3CFE56CAB8EA}.Release|Any CPU.Build.0 = Release|Any CPU
		{9B7A86CD-F031-443A-9D8B-E72B0FA409A1}.Debug|Any CPU.ActiveCfg = Debug|Any CPU
		{9B7A86CD-F031-443A-9D8B-E72B0FA409A1}.Debug|Any CPU.Build.0 = Debug|Any CPU
		{9B7A86CD-F031-443A-9D8B-E72B0FA409A1}.Release|Any CPU.ActiveCfg = Release|Any CPU
		{9B7A86CD-F031-443A-9D8B-E72B0FA409A1}.Release|Any CPU.Build.0 = Release|Any CPU
	EndGlobalSection
	GlobalSection(SolutionProperties) = preSolution
		HideSolutionNode = FALSE
	EndGlobalSection
	GlobalSection(ExtensibilityGlobals) = postSolution
		SolutionGuid = {306F80F0-4059-4554-AFF5-542F92B56793}
	EndGlobalSection
EndGlobal
